
Microsoft Visual Studio Solution File, Format Version 12.00
# Visual Studio Version 16
VisualStudioVersion = 16.0.31613.86
MinimumVisualStudioVersion = 10.0.40219.1
Project("{FAE04EC0-301F-11D3-BF4B-00C04F79EFBC}") = "ÖğrenciNotKayıtSistemi", "ÖğrenciNotKayıtSistemi\ÖğrenciNotKayıtSistemi.csproj", "{AD11B490-BA76-4590-A19A-530AC1A0B8E2}"
EndProject
Global
	GlobalSection(SolutionConfigurationPlatforms) = preSolution
		Debug|Any CPU = Debug|Any CPU
		Release|Any CPU = Release|Any CPU
	EndGlobalSection
	GlobalSection(ProjectConfigurationPlatforms) = postSolution
		{AD11B490-BA76-4590-A19A-530AC1A0B8E2}.Debug|Any CPU.ActiveCfg = Debug|Any CPU
		{AD11B490-BA76-4590-A19A-530AC1A0B8E2}.Debug|Any CPU.Build.0 = Debug|Any CPU
		{AD11B490-BA76-4590-A19A-530AC1A0B8E2}.Release|Any CPU.ActiveCfg = Release|Any CPU
		{AD11B490-BA76-4590-A19A-530AC1A0B8E2}.Release|Any CPU.Build.0 = Release|Any CPU
	EndGlobalSection
	GlobalSection(SolutionProperties) = preSolution
		HideSolutionNode = FALSE
	EndGlobalSection
	GlobalSection(ExtensibilityGlobals) = postSolution
		SolutionGuid = {BDF40327-0BD8-45B7-B63D-EF391D4B4077}
	EndGlobalSection
EndGlobal
